<?xml version="1.0" encoding="UTF-8"?>
<!DOCTYPE plist PUBLIC "-//Apple//DTD PLIST 1.0//EN" "http://www.apple.com/DTDs/PropertyList-1.0.dtd">
<plist version="1.0">
<dict>
	<key>archiveVersion</key>
	<string>1</string>
	<key>classes</key>
	<dict/>
	<key>objectVersion</key>
	<string>46</string>
	<key>objects</key>
	<dict>
		<key>2B4704C2F2E44F1183CD9800</key>
		<dict>
			<key>includeInIndex</key>
			<string>1</string>
			<key>isa</key>
			<string>PBXFileReference</string>
			<key>lastKnownFileType</key>
			<string>text.xcconfig</string>
			<key>name</key>
			<string>Pods.xcconfig</string>
			<key>path</key>
			<string>Pods/Pods.xcconfig</string>
			<key>sourceTree</key>
			<string>&lt;group&gt;</string>
		</dict>
		<key>5A016F646DB04EF682FEDCFD</key>
		<dict>
			<key>buildActionMask</key>
			<string>2147483647</string>
			<key>files</key>
			<array/>
			<key>inputPaths</key>
			<array/>
			<key>isa</key>
			<string>PBXShellScriptBuildPhase</string>
			<key>name</key>
			<string>Check Pods Manifest.lock</string>
			<key>outputPaths</key>
			<array/>
			<key>runOnlyForDeploymentPostprocessing</key>
			<string>0</string>
			<key>shellPath</key>
			<string>/bin/sh</string>
			<key>shellScript</key>
			<string>diff "${PODS_ROOT}/../Podfile.lock" "${PODS_ROOT}/Manifest.lock" &gt; /dev/null
if [[ $? != 0 ]] ; then
    cat &lt;&lt; EOM
error: The sandbox is not in sync with the Podfile.lock. Run 'pod install' or update your CocoaPods installation.
EOM
    exit 1
fi
</string>
			<key>showEnvVarsInLog</key>
			<string>0</string>
		</dict>
		<key>A1BC088821864F93A8EAC9DD</key>
		<dict>
			<key>buildActionMask</key>
			<string>2147483647</string>
			<key>files</key>
			<array/>
			<key>inputPaths</key>
			<array/>
			<key>isa</key>
			<string>PBXShellScriptBuildPhase</string>
			<key>name</key>
			<string>Copy Pods Resources</string>
			<key>outputPaths</key>
			<array/>
			<key>runOnlyForDeploymentPostprocessing</key>
			<string>0</string>
			<key>shellPath</key>
			<string>/bin/sh</string>
			<key>shellScript</key>
			<string>"${SRCROOT}/Pods/Pods-resources.sh"
</string>
			<key>showEnvVarsInLog</key>
			<string>0</string>
		</dict>
		<key>B059B8CBCC4C4AE9AFB64AAD</key>
		<dict>
			<key>explicitFileType</key>
			<string>archive.ar</string>
			<key>includeInIndex</key>
			<string>0</string>
			<key>isa</key>
			<string>PBXFileReference</string>
			<key>path</key>
			<string>libPods.a</string>
			<key>sourceTree</key>
			<string>BUILT_PRODUCTS_DIR</string>
		</dict>
		<key>DF4973A3563846CEA891F697</key>
		<dict>
			<key>fileRef</key>
			<string>B059B8CBCC4C4AE9AFB64AAD</string>
			<key>isa</key>
			<string>PBXBuildFile</string>
		</dict>
		<key>E506406E188A93F7000E232E</key>
		<dict>
			<key>children</key>
			<array>
				<string>E506406F188A93F7000E232E</string>
			</array>
			<key>isa</key>
			<string>PBXGroup</string>
			<key>path</key>
			<string>Library</string>
			<key>sourceTree</key>
			<string>&lt;group&gt;</string>
		</dict>
		<key>E506406F188A93F7000E232E</key>
		<dict>
			<key>children</key>
			<array>
				<string>E5064070188A93F7000E232E</string>
				<string>E5064071188A93F7000E232E</string>
				<string>E5064072188A93F7000E232E</string>
				<string>E5064073188A93F7000E232E</string>
				<string>E5064076188AB10A000E232E</string>
			</array>
			<key>isa</key>
			<string>PBXGroup</string>
			<key>path</key>
			<string>NLCropperView</string>
			<key>sourceTree</key>
			<string>&lt;group&gt;</string>
		</dict>
		<key>E5064070188A93F7000E232E</key>
		<dict>
			<key>fileEncoding</key>
			<string>4</string>
			<key>isa</key>
			<string>PBXFileReference</string>
			<key>lastKnownFileType</key>
			<string>sourcecode.c.h</string>
			<key>path</key>
			<string>NLCropViewLayer.h</string>
			<key>sourceTree</key>
			<string>&lt;group&gt;</string>
		</dict>
		<key>E5064071188A93F7000E232E</key>
		<dict>
			<key>fileEncoding</key>
			<string>4</string>
			<key>isa</key>
			<string>PBXFileReference</string>
			<key>lastKnownFileType</key>
			<string>sourcecode.c.objc</string>
			<key>path</key>
			<string>NLCropViewLayer.m</string>
			<key>sourceTree</key>
			<string>&lt;group&gt;</string>
		</dict>
		<key>E5064072188A93F7000E232E</key>
		<dict>
			<key>fileEncoding</key>
			<string>4</string>
			<key>isa</key>
			<string>PBXFileReference</string>
			<key>lastKnownFileType</key>
			<string>sourcecode.c.h</string>
			<key>path</key>
			<string>NLImageCropperView.h</string>
			<key>sourceTree</key>
			<string>&lt;group&gt;</string>
		</dict>
		<key>E5064073188A93F7000E232E</key>
		<dict>
			<key>fileEncoding</key>
			<string>4</string>
			<key>isa</key>
			<string>PBXFileReference</string>
			<key>lastKnownFileType</key>
			<string>sourcecode.c.objc</string>
			<key>path</key>
			<string>NLImageCropperView.m</string>
			<key>sourceTree</key>
			<string>&lt;group&gt;</string>
		</dict>
		<key>E5064074188A93F7000E232E</key>
		<dict>
			<key>fileRef</key>
			<string>E5064071188A93F7000E232E</string>
			<key>isa</key>
			<string>PBXBuildFile</string>
		</dict>
		<key>E5064075188A93F7000E232E</key>
		<dict>
			<key>fileRef</key>
			<string>E5064073188A93F7000E232E</string>
			<key>isa</key>
			<string>PBXBuildFile</string>
		</dict>
		<key>E5064076188AB10A000E232E</key>
		<dict>
			<key>isa</key>
			<string>PBXFileReference</string>
			<key>lastKnownFileType</key>
			<string>image.png</string>
			<key>path</key>
			<string>corner.png</string>
			<key>sourceTree</key>
			<string>&lt;group&gt;</string>
		</dict>
		<key>E5064077188AB10A000E232E</key>
		<dict>
			<key>fileRef</key>
			<string>E5064076188AB10A000E232E</string>
			<key>isa</key>
			<string>PBXBuildFile</string>
		</dict>
		<key>E5064078188AB1E3000E232E</key>
		<dict>
			<key>isa</key>
			<string>PBXFileReference</string>
			<key>lastKnownFileType</key>
			<string>wrapper.framework</string>
			<key>name</key>
			<string>QuartzCore.framework</string>
			<key>path</key>
			<string>System/Library/Frameworks/QuartzCore.framework</string>
			<key>sourceTree</key>
			<string>SDKROOT</string>
		</dict>
		<key>E5064079188AB1E3000E232E</key>
		<dict>
			<key>fileRef</key>
			<string>E5064078188AB1E3000E232E</string>
			<key>isa</key>
			<string>PBXBuildFile</string>
		</dict>
		<key>E5AF709D1889F07400B34D7B</key>
		<dict>
			<key>children</key>
			<array>
				<string>E5AF70AF1889F07500B34D7B</string>
				<string>E5AF70A81889F07400B34D7B</string>
				<string>E5AF70A71889F07400B34D7B</string>
				<string>E506406E188A93F7000E232E</string>
				<string>2B4704C2F2E44F1183CD9800</string>
			</array>
			<key>isa</key>
			<string>PBXGroup</string>
			<key>sourceTree</key>
			<string>&lt;group&gt;</string>
		</dict>
		<key>E5AF709E1889F07400B34D7B</key>
		<dict>
			<key>attributes</key>
			<dict>
				<key>LastUpgradeCheck</key>
				<string>0500</string>
				<key>ORGANIZATIONNAME</key>
				<string>Florent Champigny</string>
				<key>TargetAttributes</key>
				<dict>
					<key>E5AF70A51889F07400B34D7B</key>
					<dict>
						<key>DevelopmentTeam</key>
						<string>J7X9NM8SBV</string>
					</dict>
					<key>E5AF70C61889F07500B34D7B</key>
					<dict>
						<key>TestTargetID</key>
						<string>E5AF70A51889F07400B34D7B</string>
					</dict>
				</dict>
			</dict>
			<key>buildConfigurationList</key>
			<string>E5AF70A11889F07400B34D7B</string>
			<key>compatibilityVersion</key>
			<string>Xcode 3.2</string>
			<key>developmentRegion</key>
			<string>English</string>
			<key>hasScannedForEncodings</key>
			<string>0</string>
			<key>isa</key>
			<string>PBXProject</string>
			<key>knownRegions</key>
			<array>
				<string>en</string>
				<string>Base</string>
			</array>
			<key>mainGroup</key>
			<string>E5AF709D1889F07400B34D7B</string>
			<key>productRefGroup</key>
			<string>E5AF70A71889F07400B34D7B</string>
			<key>projectDirPath</key>
			<string></string>
			<key>projectReferences</key>
			<array/>
			<key>projectRoot</key>
			<string></string>
			<key>targets</key>
			<array>
				<string>E5AF70A51889F07400B34D7B</string>
				<string>E5AF70C61889F07500B34D7B</string>
			</array>
		</dict>
		<key>E5AF70A11889F07400B34D7B</key>
		<dict>
			<key>buildConfigurations</key>
			<array>
				<string>E5AF70D61889F07500B34D7B</string>
				<string>E5AF70D71889F07500B34D7B</string>
			</array>
			<key>defaultConfigurationIsVisible</key>
			<string>0</string>
			<key>defaultConfigurationName</key>
			<string>Release</string>
			<key>isa</key>
			<string>XCConfigurationList</string>
		</dict>
		<key>E5AF70A21889F07400B34D7B</key>
		<dict>
			<key>buildActionMask</key>
			<string>2147483647</string>
			<key>files</key>
			<array>
				<string>E5AF70C01889F07500B34D7B</string>
				<string>E5AF70BA1889F07500B34D7B</string>
				<string>E5064075188A93F7000E232E</string>
				<string>E5064074188A93F7000E232E</string>
				<string>E5AF70B61889F07500B34D7B</string>
			</array>
			<key>isa</key>
			<string>PBXSourcesBuildPhase</string>
			<key>runOnlyForDeploymentPostprocessing</key>
			<string>0</string>
		</dict>
		<key>E5AF70A31889F07400B34D7B</key>
		<dict>
			<key>buildActionMask</key>
			<string>2147483647</string>
			<key>files</key>
			<array>
				<string>E5064079188AB1E3000E232E</string>
				<string>E5AF70AC1889F07500B34D7B</string>
				<string>E5AF70AE1889F07500B34D7B</string>
				<string>E5AF70AA1889F07500B34D7B</string>
				<string>DF4973A3563846CEA891F697</string>
			</array>
			<key>isa</key>
			<string>PBXFrameworksBuildPhase</string>
			<key>runOnlyForDeploymentPostprocessing</key>
			<string>0</string>
		</dict>
		<key>E5AF70A41889F07400B34D7B</key>
		<dict>
			<key>buildActionMask</key>
			<string>2147483647</string>
			<key>files</key>
			<array>
				<string>E5AF71001889F1B800B34D7B</string>
				<string>E5AF70FE1889F1B800B34D7B</string>
				<string>E5AF70E11889F13000B34D7B</string>
				<string>E5AF70FB1889F1B800B34D7B</string>
				<string>E5AF70F41889F1B800B34D7B</string>
				<string>E5064077188AB10A000E232E</string>
				<string>E5AF71041889F1B800B34D7B</string>
				<string>E5AF70F51889F1B800B34D7B</string>
				<string>E5AF70F71889F1B800B34D7B</string>
				<string>E5AF70FD1889F1B800B34D7B</string>
				<string>E5AF71031889F1B800B34D7B</string>
				<string>E5AF70F61889F1B800B34D7B</string>
				<string>E5AF70C21889F07500B34D7B</string>
				<string>E5AF70B41889F07500B34D7B</string>
				<string>E5AF71021889F1B800B34D7B</string>
				<string>E5AF71011889F1B800B34D7B</string>
				<string>E5AF70FC1889F1B800B34D7B</string>
				<string>E5AF70F91889F1B800B34D7B</string>
				<string>E5AF70FF1889F1B800B34D7B</string>
				<string>E5AF70FA1889F1B800B34D7B</string>
				<string>E5AF70F81889F1B800B34D7B</string>
			</array>
			<key>isa</key>
			<string>PBXResourcesBuildPhase</string>
			<key>runOnlyForDeploymentPostprocessing</key>
			<string>0</string>
		</dict>
		<key>E5AF70A51889F07400B34D7B</key>
		<dict>
			<key>buildConfigurationList</key>
			<string>E5AF70D81889F07500B34D7B</string>
			<key>buildPhases</key>
			<array>
				<string>5A016F646DB04EF682FEDCFD</string>
				<string>E5AF70A21889F07400B34D7B</string>
				<string>E5AF70A31889F07400B34D7B</string>
				<string>E5AF70A41889F07400B34D7B</string>
				<string>A1BC088821864F93A8EAC9DD</string>
			</array>
			<key>buildRules</key>
			<array/>
			<key>dependencies</key>
			<array/>
			<key>isa</key>
			<string>PBXNativeTarget</string>
			<key>name</key>
			<string>SnapYou</string>
			<key>productName</key>
			<string>SnapYou</string>
			<key>productReference</key>
			<string>E5AF70A61889F07400B34D7B</string>
			<key>productType</key>
			<string>com.apple.product-type.application</string>
		</dict>
		<key>E5AF70A61889F07400B34D7B</key>
		<dict>
			<key>explicitFileType</key>
			<string>wrapper.application</string>
			<key>includeInIndex</key>
			<string>0</string>
			<key>isa</key>
			<string>PBXFileReference</string>
			<key>path</key>
			<string>SnapYou.app</string>
			<key>sourceTree</key>
			<string>BUILT_PRODUCTS_DIR</string>
		</dict>
		<key>E5AF70A71889F07400B34D7B</key>
		<dict>
			<key>children</key>
			<array>
				<string>E5AF70A61889F07400B34D7B</string>
				<string>E5AF70C71889F07500B34D7B</string>
			</array>
			<key>isa</key>
			<string>PBXGroup</string>
			<key>name</key>
			<string>Products</string>
			<key>sourceTree</key>
			<string>&lt;group&gt;</string>
		</dict>
		<key>E5AF70A81889F07400B34D7B</key>
		<dict>
			<key>children</key>
			<array>
				<string>E5064078188AB1E3000E232E</string>
				<string>E5AF70A91889F07400B34D7B</string>
				<string>E5AF70AB1889F07500B34D7B</string>
				<string>E5AF70AD1889F07500B34D7B</string>
				<string>E5AF70C81889F07500B34D7B</string>
				<string>B059B8CBCC4C4AE9AFB64AAD</string>
			</array>
			<key>isa</key>
			<string>PBXGroup</string>
			<key>name</key>
			<string>Frameworks</string>
			<key>sourceTree</key>
			<string>&lt;group&gt;</string>
		</dict>
		<key>E5AF70A91889F07400B34D7B</key>
		<dict>
			<key>isa</key>
			<string>PBXFileReference</string>
			<key>lastKnownFileType</key>
			<string>wrapper.framework</string>
			<key>name</key>
			<string>Foundation.framework</string>
			<key>path</key>
			<string>System/Library/Frameworks/Foundation.framework</string>
			<key>sourceTree</key>
			<string>SDKROOT</string>
		</dict>
		<key>E5AF70AA1889F07500B34D7B</key>
		<dict>
			<key>fileRef</key>
			<string>E5AF70A91889F07400B34D7B</string>
			<key>isa</key>
			<string>PBXBuildFile</string>
		</dict>
		<key>E5AF70AB1889F07500B34D7B</key>
		<dict>
			<key>isa</key>
			<string>PBXFileReference</string>
			<key>lastKnownFileType</key>
			<string>wrapper.framework</string>
			<key>name</key>
			<string>CoreGraphics.framework</string>
			<key>path</key>
			<string>System/Library/Frameworks/CoreGraphics.framework</string>
			<key>sourceTree</key>
			<string>SDKROOT</string>
		</dict>
		<key>E5AF70AC1889F07500B34D7B</key>
		<dict>
			<key>fileRef</key>
			<string>E5AF70AB1889F07500B34D7B</string>
			<key>isa</key>
			<string>PBXBuildFile</string>
		</dict>
		<key>E5AF70AD1889F07500B34D7B</key>
		<dict>
			<key>isa</key>
			<string>PBXFileReference</string>
			<key>lastKnownFileType</key>
			<string>wrapper.framework</string>
			<key>name</key>
			<string>UIKit.framework</string>
			<key>path</key>
			<string>System/Library/Frameworks/UIKit.framework</string>
			<key>sourceTree</key>
			<string>SDKROOT</string>
		</dict>
		<key>E5AF70AE1889F07500B34D7B</key>
		<dict>
			<key>fileRef</key>
			<string>E5AF70AD1889F07500B34D7B</string>
			<key>isa</key>
			<string>PBXBuildFile</string>
		</dict>
		<key>E5AF70AF1889F07500B34D7B</key>
		<dict>
			<key>children</key>
			<array>
				<string>E5AF70E01889F13000B34D7B</string>
				<string>E5AF70B81889F07500B34D7B</string>
				<string>E5AF70B91889F07500B34D7B</string>
				<string>E5AF70BE1889F07500B34D7B</string>
				<string>E5AF70BF1889F07500B34D7B</string>
				<string>E5AF70C11889F07500B34D7B</string>
				<string>E5AF70E21889F1B800B34D7B</string>
				<string>E5AF70B01889F07500B34D7B</string>
			</array>
			<key>isa</key>
			<string>PBXGroup</string>
			<key>path</key>
			<string>SnapYou</string>
			<key>sourceTree</key>
			<string>&lt;group&gt;</string>
		</dict>
		<key>E5AF70B01889F07500B34D7B</key>
		<dict>
			<key>children</key>
			<array>
				<string>E5AF70B11889F07500B34D7B</string>
				<string>E5AF70B21889F07500B34D7B</string>
				<string>E5AF70B51889F07500B34D7B</string>
				<string>E5AF70B71889F07500B34D7B</string>
			</array>
			<key>isa</key>
			<string>PBXGroup</string>
			<key>name</key>
			<string>Supporting Files</string>
			<key>sourceTree</key>
			<string>&lt;group&gt;</string>
		</dict>
		<key>E5AF70B11889F07500B34D7B</key>
		<dict>
			<key>isa</key>
			<string>PBXFileReference</string>
			<key>lastKnownFileType</key>
			<string>text.plist.xml</string>
			<key>path</key>
			<string>SnapYou-Info.plist</string>
			<key>sourceTree</key>
			<string>&lt;group&gt;</string>
		</dict>
		<key>E5AF70B21889F07500B34D7B</key>
		<dict>
			<key>children</key>
			<array>
				<string>E5AF70B31889F07500B34D7B</string>
			</array>
			<key>isa</key>
			<string>PBXVariantGroup</string>
			<key>name</key>
			<string>InfoPlist.strings</string>
			<key>sourceTree</key>
			<string>&lt;group&gt;</string>
		</dict>
		<key>E5AF70B31889F07500B34D7B</key>
		<dict>
			<key>isa</key>
			<string>PBXFileReference</string>
			<key>lastKnownFileType</key>
			<string>text.plist.strings</string>
			<key>name</key>
			<string>en</string>
			<key>path</key>
			<string>en.lproj/InfoPlist.strings</string>
			<key>sourceTree</key>
			<string>&lt;group&gt;</string>
		</dict>
		<key>E5AF70B41889F07500B34D7B</key>
		<dict>
			<key>fileRef</key>
			<string>E5AF70B21889F07500B34D7B</string>
			<key>isa</key>
			<string>PBXBuildFile</string>
		</dict>
		<key>E5AF70B51889F07500B34D7B</key>
		<dict>
			<key>isa</key>
			<string>PBXFileReference</string>
			<key>lastKnownFileType</key>
			<string>sourcecode.c.objc</string>
			<key>path</key>
			<string>main.m</string>
			<key>sourceTree</key>
			<string>&lt;group&gt;</string>
		</dict>
		<key>E5AF70B61889F07500B34D7B</key>
		<dict>
			<key>fileRef</key>
			<string>E5AF70B51889F07500B34D7B</string>
			<key>isa</key>
			<string>PBXBuildFile</string>
		</dict>
		<key>E5AF70B71889F07500B34D7B</key>
		<dict>
			<key>isa</key>
			<string>PBXFileReference</string>
			<key>lastKnownFileType</key>
			<string>sourcecode.c.h</string>
			<key>path</key>
			<string>SnapYou-Prefix.pch</string>
			<key>sourceTree</key>
			<string>&lt;group&gt;</string>
		</dict>
		<key>E5AF70B81889F07500B34D7B</key>
		<dict>
			<key>isa</key>
			<string>PBXFileReference</string>
			<key>lastKnownFileType</key>
			<string>sourcecode.c.h</string>
			<key>path</key>
			<string>AppDelegate.h</string>
			<key>sourceTree</key>
			<string>&lt;group&gt;</string>
		</dict>
		<key>E5AF70B91889F07500B34D7B</key>
		<dict>
			<key>isa</key>
			<string>PBXFileReference</string>
			<key>lastKnownFileType</key>
			<string>sourcecode.c.objc</string>
			<key>path</key>
			<string>AppDelegate.m</string>
			<key>sourceTree</key>
			<string>&lt;group&gt;</string>
		</dict>
		<key>E5AF70BA1889F07500B34D7B</key>
		<dict>
			<key>fileRef</key>
			<string>E5AF70B91889F07500B34D7B</string>
			<key>isa</key>
			<string>PBXBuildFile</string>
		</dict>
		<key>E5AF70BE1889F07500B34D7B</key>
		<dict>
			<key>isa</key>
			<string>PBXFileReference</string>
			<key>lastKnownFileType</key>
			<string>sourcecode.c.h</string>
			<key>path</key>
			<string>ViewController.h</string>
			<key>sourceTree</key>
			<string>&lt;group&gt;</string>
		</dict>
		<key>E5AF70BF1889F07500B34D7B</key>
		<dict>
			<key>isa</key>
			<string>PBXFileReference</string>
			<key>lastKnownFileType</key>
			<string>sourcecode.c.objc</string>
			<key>path</key>
			<string>ViewController.m</string>
			<key>sourceTree</key>
			<string>&lt;group&gt;</string>
		</dict>
		<key>E5AF70C01889F07500B34D7B</key>
		<dict>
			<key>fileRef</key>
			<string>E5AF70BF1889F07500B34D7B</string>
			<key>isa</key>
			<string>PBXBuildFile</string>
		</dict>
		<key>E5AF70C11889F07500B34D7B</key>
		<dict>
			<key>isa</key>
			<string>PBXFileReference</string>
			<key>lastKnownFileType</key>
			<string>folder.assetcatalog</string>
			<key>path</key>
			<string>Images.xcassets</string>
			<key>sourceTree</key>
			<string>&lt;group&gt;</string>
		</dict>
		<key>E5AF70C21889F07500B34D7B</key>
		<dict>
			<key>fileRef</key>
			<string>E5AF70C11889F07500B34D7B</string>
			<key>isa</key>
			<string>PBXBuildFile</string>
		</dict>
		<key>E5AF70C31889F07500B34D7B</key>
		<dict>
			<key>buildActionMask</key>
			<string>2147483647</string>
			<key>files</key>
			<array/>
			<key>isa</key>
			<string>PBXSourcesBuildPhase</string>
			<key>runOnlyForDeploymentPostprocessing</key>
			<string>0</string>
		</dict>
		<key>E5AF70C41889F07500B34D7B</key>
		<dict>
			<key>buildActionMask</key>
			<string>2147483647</string>
			<key>files</key>
			<array>
				<string>E5AF70C91889F07500B34D7B</string>
				<string>E5AF70CB1889F07500B34D7B</string>
				<string>E5AF70CA1889F07500B34D7B</string>
			</array>
			<key>isa</key>
			<string>PBXFrameworksBuildPhase</string>
			<key>runOnlyForDeploymentPostprocessing</key>
			<string>0</string>
		</dict>
		<key>E5AF70C51889F07500B34D7B</key>
		<dict>
			<key>buildActionMask</key>
			<string>2147483647</string>
			<key>files</key>
			<array/>
			<key>isa</key>
			<string>PBXResourcesBuildPhase</string>
			<key>runOnlyForDeploymentPostprocessing</key>
			<string>0</string>
		</dict>
		<key>E5AF70C61889F07500B34D7B</key>
		<dict>
			<key>buildConfigurationList</key>
			<string>E5AF70DB1889F07500B34D7B</string>
			<key>buildPhases</key>
			<array>
				<string>E5AF70C31889F07500B34D7B</string>
				<string>E5AF70C41889F07500B34D7B</string>
				<string>E5AF70C51889F07500B34D7B</string>
			</array>
			<key>buildRules</key>
			<array/>
			<key>dependencies</key>
			<array>
				<string>E5AF70CD1889F07500B34D7B</string>
			</array>
			<key>isa</key>
			<string>PBXNativeTarget</string>
			<key>name</key>
			<string>SnapYouTests</string>
			<key>productName</key>
			<string>SnapYouTests</string>
			<key>productReference</key>
			<string>E5AF70C71889F07500B34D7B</string>
			<key>productType</key>
			<string>com.apple.product-type.bundle.unit-test</string>
		</dict>
		<key>E5AF70C71889F07500B34D7B</key>
		<dict>
			<key>explicitFileType</key>
			<string>wrapper.cfbundle</string>
			<key>includeInIndex</key>
			<string>0</string>
			<key>isa</key>
			<string>PBXFileReference</string>
			<key>path</key>
			<string>SnapYouTests.xctest</string>
			<key>sourceTree</key>
			<string>BUILT_PRODUCTS_DIR</string>
		</dict>
		<key>E5AF70C81889F07500B34D7B</key>
		<dict>
			<key>isa</key>
			<string>PBXFileReference</string>
			<key>lastKnownFileType</key>
			<string>wrapper.framework</string>
			<key>name</key>
			<string>XCTest.framework</string>
			<key>path</key>
			<string>Library/Frameworks/XCTest.framework</string>
			<key>sourceTree</key>
			<string>DEVELOPER_DIR</string>
		</dict>
		<key>E5AF70C91889F07500B34D7B</key>
		<dict>
			<key>fileRef</key>
			<string>E5AF70C81889F07500B34D7B</string>
			<key>isa</key>
			<string>PBXBuildFile</string>
		</dict>
		<key>E5AF70CA1889F07500B34D7B</key>
		<dict>
			<key>fileRef</key>
			<string>E5AF70A91889F07400B34D7B</string>
			<key>isa</key>
			<string>PBXBuildFile</string>
		</dict>
		<key>E5AF70CB1889F07500B34D7B</key>
		<dict>
			<key>fileRef</key>
			<string>E5AF70AD1889F07500B34D7B</string>
			<key>isa</key>
			<string>PBXBuildFile</string>
		</dict>
		<key>E5AF70CC1889F07500B34D7B</key>
		<dict>
			<key>containerPortal</key>
			<string>E5AF709E1889F07400B34D7B</string>
			<key>isa</key>
			<string>PBXContainerItemProxy</string>
			<key>proxyType</key>
			<string>1</string>
			<key>remoteGlobalIDString</key>
			<string>E5AF70A51889F07400B34D7B</string>
			<key>remoteInfo</key>
			<string>SnapYou</string>
		</dict>
		<key>E5AF70CD1889F07500B34D7B</key>
		<dict>
			<key>isa</key>
			<string>PBXTargetDependency</string>
			<key>target</key>
			<string>E5AF70A51889F07400B34D7B</string>
			<key>targetProxy</key>
			<string>E5AF70CC1889F07500B34D7B</string>
		</dict>
		<key>E5AF70D61889F07500B34D7B</key>
		<dict>
			<key>buildSettings</key>
			<dict>
				<key>ALWAYS_SEARCH_USER_PATHS</key>
				<string>NO</string>
				<key>ARCHS</key>
				<string>$(ARCHS_STANDARD_INCLUDING_64_BIT)</string>
				<key>CLANG_CXX_LANGUAGE_STANDARD</key>
				<string>gnu++0x</string>
				<key>CLANG_CXX_LIBRARY</key>
				<string>libc++</string>
				<key>CLANG_ENABLE_MODULES</key>
				<string>YES</string>
				<key>CLANG_ENABLE_OBJC_ARC</key>
				<string>YES</string>
				<key>CLANG_WARN_BOOL_CONVERSION</key>
				<string>YES</string>
				<key>CLANG_WARN_CONSTANT_CONVERSION</key>
				<string>YES</string>
				<key>CLANG_WARN_DIRECT_OBJC_ISA_USAGE</key>
				<string>YES_ERROR</string>
				<key>CLANG_WARN_EMPTY_BODY</key>
				<string>YES</string>
				<key>CLANG_WARN_ENUM_CONVERSION</key>
				<string>YES</string>
				<key>CLANG_WARN_INT_CONVERSION</key>
				<string>YES</string>
				<key>CLANG_WARN_OBJC_ROOT_CLASS</key>
				<string>YES_ERROR</string>
				<key>CLANG_WARN__DUPLICATE_METHOD_MATCH</key>
				<string>YES</string>
				<key>CODE_SIGN_IDENTITY[sdk=iphoneos*]</key>
				<string>iPhone Developer</string>
				<key>COPY_PHASE_STRIP</key>
				<string>NO</string>
				<key>GCC_C_LANGUAGE_STANDARD</key>
				<string>gnu99</string>
				<key>GCC_DYNAMIC_NO_PIC</key>
				<string>NO</string>
				<key>GCC_OPTIMIZATION_LEVEL</key>
				<string>0</string>
				<key>GCC_PREPROCESSOR_DEFINITIONS</key>
				<array>
					<string>DEBUG=1</string>
					<string>$(inherited)</string>
				</array>
				<key>GCC_SYMBOLS_PRIVATE_EXTERN</key>
				<string>NO</string>
				<key>GCC_WARN_64_TO_32_BIT_CONVERSION</key>
				<string>YES</string>
				<key>GCC_WARN_ABOUT_RETURN_TYPE</key>
				<string>YES_ERROR</string>
				<key>GCC_WARN_UNDECLARED_SELECTOR</key>
				<string>YES</string>
				<key>GCC_WARN_UNINITIALIZED_AUTOS</key>
				<string>YES</string>
				<key>GCC_WARN_UNUSED_FUNCTION</key>
				<string>YES</string>
				<key>GCC_WARN_UNUSED_VARIABLE</key>
				<string>YES</string>
				<key>IPHONEOS_DEPLOYMENT_TARGET</key>
				<string>7.0</string>
				<key>ONLY_ACTIVE_ARCH</key>
				<string>YES</string>
				<key>SDKROOT</key>
				<string>iphoneos</string>
			</dict>
			<key>isa</key>
			<string>XCBuildConfiguration</string>
			<key>name</key>
			<string>Debug</string>
		</dict>
		<key>E5AF70D71889F07500B34D7B</key>
		<dict>
			<key>buildSettings</key>
			<dict>
				<key>ALWAYS_SEARCH_USER_PATHS</key>
				<string>NO</string>
				<key>ARCHS</key>
				<string>$(ARCHS_STANDARD_INCLUDING_64_BIT)</string>
				<key>CLANG_CXX_LANGUAGE_STANDARD</key>
				<string>gnu++0x</string>
				<key>CLANG_CXX_LIBRARY</key>
				<string>libc++</string>
				<key>CLANG_ENABLE_MODULES</key>
				<string>YES</string>
				<key>CLANG_ENABLE_OBJC_ARC</key>
				<string>YES</string>
				<key>CLANG_WARN_BOOL_CONVERSION</key>
				<string>YES</string>
				<key>CLANG_WARN_CONSTANT_CONVERSION</key>
				<string>YES</string>
				<key>CLANG_WARN_DIRECT_OBJC_ISA_USAGE</key>
				<string>YES_ERROR</string>
				<key>CLANG_WARN_EMPTY_BODY</key>
				<string>YES</string>
				<key>CLANG_WARN_ENUM_CONVERSION</key>
				<string>YES</string>
				<key>CLANG_WARN_INT_CONVERSION</key>
				<string>YES</string>
				<key>CLANG_WARN_OBJC_ROOT_CLASS</key>
				<string>YES_ERROR</string>
				<key>CLANG_WARN__DUPLICATE_METHOD_MATCH</key>
				<string>YES</string>
				<key>CODE_SIGN_IDENTITY[sdk=iphoneos*]</key>
				<string>iPhone Developer</string>
				<key>COPY_PHASE_STRIP</key>
				<string>YES</string>
				<key>ENABLE_NS_ASSERTIONS</key>
				<string>NO</string>
				<key>GCC_C_LANGUAGE_STANDARD</key>
				<string>gnu99</string>
				<key>GCC_WARN_64_TO_32_BIT_CONVERSION</key>
				<string>YES</string>
				<key>GCC_WARN_ABOUT_RETURN_TYPE</key>
				<string>YES_ERROR</string>
				<key>GCC_WARN_UNDECLARED_SELECTOR</key>
				<string>YES</string>
				<key>GCC_WARN_UNINITIALIZED_AUTOS</key>
				<string>YES</string>
				<key>GCC_WARN_UNUSED_FUNCTION</key>
				<string>YES</string>
				<key>GCC_WARN_UNUSED_VARIABLE</key>
				<string>YES</string>
				<key>IPHONEOS_DEPLOYMENT_TARGET</key>
				<string>7.0</string>
				<key>SDKROOT</key>
				<string>iphoneos</string>
				<key>VALIDATE_PRODUCT</key>
				<string>YES</string>
			</dict>
			<key>isa</key>
			<string>XCBuildConfiguration</string>
			<key>name</key>
			<string>Release</string>
		</dict>
		<key>E5AF70D81889F07500B34D7B</key>
		<dict>
			<key>buildConfigurations</key>
			<array>
				<string>E5AF70D91889F07500B34D7B</string>
				<string>E5AF70DA1889F07500B34D7B</string>
			</array>
			<key>defaultConfigurationIsVisible</key>
			<string>0</string>
			<key>defaultConfigurationName</key>
			<string>Release</string>
			<key>isa</key>
			<string>XCConfigurationList</string>
		</dict>
		<key>E5AF70D91889F07500B34D7B</key>
		<dict>
			<key>baseConfigurationReference</key>
			<string>2B4704C2F2E44F1183CD9800</string>
			<key>buildSettings</key>
			<dict>
				<key>ASSETCATALOG_COMPILER_APPICON_NAME</key>
				<string>AppIcon</string>
				<key>ASSETCATALOG_COMPILER_LAUNCHIMAGE_NAME</key>
				<string>LaunchImage</string>
				<key>CODE_SIGN_IDENTITY</key>
				<string>iPhone Developer</string>
				<key>CODE_SIGN_IDENTITY[sdk=iphoneos*]</key>
				<string>iPhone Developer</string>
				<key>GCC_PRECOMPILE_PREFIX_HEADER</key>
				<string>YES</string>
				<key>GCC_PREFIX_HEADER</key>
				<string>SnapYou/SnapYou-Prefix.pch</string>
				<key>INFOPLIST_FILE</key>
				<string>SnapYou/SnapYou-Info.plist</string>
				<key>PRODUCT_NAME</key>
				<string>$(TARGET_NAME)</string>
				<key>PROVISIONING_PROFILE</key>
				<string></string>
				<key>WRAPPER_EXTENSION</key>
				<string>app</string>
			</dict>
			<key>isa</key>
			<string>XCBuildConfiguration</string>
			<key>name</key>
			<string>Debug</string>
		</dict>
		<key>E5AF70DA1889F07500B34D7B</key>
		<dict>
			<key>baseConfigurationReference</key>
			<string>2B4704C2F2E44F1183CD9800</string>
			<key>buildSettings</key>
			<dict>
				<key>ASSETCATALOG_COMPILER_APPICON_NAME</key>
				<string>AppIcon</string>
				<key>ASSETCATALOG_COMPILER_LAUNCHIMAGE_NAME</key>
				<string>LaunchImage</string>
				<key>CODE_SIGN_IDENTITY</key>
				<string>iPhone Developer</string>
				<key>CODE_SIGN_IDENTITY[sdk=iphoneos*]</key>
				<string>iPhone Developer</string>
				<key>GCC_PRECOMPILE_PREFIX_HEADER</key>
				<string>YES</string>
				<key>GCC_PREFIX_HEADER</key>
				<string>SnapYou/SnapYou-Prefix.pch</string>
				<key>INFOPLIST_FILE</key>
				<string>SnapYou/SnapYou-Info.plist</string>
				<key>PRODUCT_NAME</key>
				<string>$(TARGET_NAME)</string>
				<key>PROVISIONING_PROFILE</key>
				<string></string>
				<key>WRAPPER_EXTENSION</key>
				<string>app</string>
			</dict>
			<key>isa</key>
			<string>XCBuildConfiguration</string>
			<key>name</key>
			<string>Release</string>
		</dict>
		<key>E5AF70DB1889F07500B34D7B</key>
		<dict>
			<key>buildConfigurations</key>
			<array>
				<string>E5AF70DC1889F07500B34D7B</string>
				<string>E5AF70DD1889F07500B34D7B</string>
			</array>
			<key>defaultConfigurationIsVisible</key>
			<string>0</string>
			<key>defaultConfigurationName</key>
			<string>Release</string>
			<key>isa</key>
			<string>XCConfigurationList</string>
		</dict>
		<key>E5AF70DC1889F07500B34D7B</key>
		<dict>
			<key>buildSettings</key>
			<dict>
				<key>ARCHS</key>
				<string>$(ARCHS_STANDARD_INCLUDING_64_BIT)</string>
				<key>BUNDLE_LOADER</key>
				<string>$(BUILT_PRODUCTS_DIR)/SnapYou.app/SnapYou</string>
				<key>FRAMEWORK_SEARCH_PATHS</key>
				<array>
					<string>$(SDKROOT)/Developer/Library/Frameworks</string>
					<string>$(inherited)</string>
					<string>$(DEVELOPER_FRAMEWORKS_DIR)</string>
				</array>
				<key>GCC_PRECOMPILE_PREFIX_HEADER</key>
				<string>YES</string>
				<key>GCC_PREFIX_HEADER</key>
				<string>SnapYou/SnapYou-Prefix.pch</string>
				<key>GCC_PREPROCESSOR_DEFINITIONS</key>
				<array>
					<string>DEBUG=1</string>
					<string>$(inherited)</string>
				</array>
				<key>INFOPLIST_FILE</key>
				<string>SnapYouTests/SnapYouTests-Info.plist</string>
				<key>PRODUCT_NAME</key>
				<string>$(TARGET_NAME)</string>
				<key>TEST_HOST</key>
				<string>$(BUNDLE_LOADER)</string>
				<key>WRAPPER_EXTENSION</key>
				<string>xctest</string>
			</dict>
			<key>isa</key>
			<string>XCBuildConfiguration</string>
			<key>name</key>
			<string>Debug</string>
		</dict>
		<key>E5AF70DD1889F07500B34D7B</key>
		<dict>
			<key>buildSettings</key>
			<dict>
				<key>ARCHS</key>
				<string>$(ARCHS_STANDARD_INCLUDING_64_BIT)</string>
				<key>BUNDLE_LOADER</key>
				<string>$(BUILT_PRODUCTS_DIR)/SnapYou.app/SnapYou</string>
				<key>FRAMEWORK_SEARCH_PATHS</key>
				<array>
					<string>$(SDKROOT)/Developer/Library/Frameworks</string>
					<string>$(inherited)</string>
					<string>$(DEVELOPER_FRAMEWORKS_DIR)</string>
				</array>
				<key>GCC_PRECOMPILE_PREFIX_HEADER</key>
				<string>YES</string>
				<key>GCC_PREFIX_HEADER</key>
				<string>SnapYou/SnapYou-Prefix.pch</string>
				<key>INFOPLIST_FILE</key>
				<string>SnapYouTests/SnapYouTests-Info.plist</string>
				<key>PRODUCT_NAME</key>
				<string>$(TARGET_NAME)</string>
				<key>TEST_HOST</key>
				<string>$(BUNDLE_LOADER)</string>
				<key>WRAPPER_EXTENSION</key>
				<string>xctest</string>
			</dict>
			<key>isa</key>
			<string>XCBuildConfiguration</string>
			<key>name</key>
			<string>Release</string>
		</dict>
		<key>E5AF70E01889F13000B34D7B</key>
		<dict>
			<key>fileEncoding</key>
			<string>4</string>
			<key>isa</key>
			<string>PBXFileReference</string>
			<key>lastKnownFileType</key>
			<string>file.storyboard</string>
			<key>path</key>
			<string>Main.storyboard</string>
			<key>sourceTree</key>
			<string>&lt;group&gt;</string>
		</dict>
		<key>E5AF70E11889F13000B34D7B</key>
		<dict>
			<key>fileRef</key>
			<string>E5AF70E01889F13000B34D7B</string>
			<key>isa</key>
			<string>PBXBuildFile</string>
		</dict>
		<key>E5AF70E21889F1B800B34D7B</key>
		<dict>
			<key>children</key>
			<array>
				<string>E5AF70E31889F1B800B34D7B</string>
				<string>E5AF70E41889F1B800B34D7B</string>
				<string>E5AF70E51889F1B800B34D7B</string>
				<string>E5AF70E61889F1B800B34D7B</string>
				<string>E5AF70E71889F1B800B34D7B</string>
				<string>E5AF70E81889F1B800B34D7B</string>
				<string>E5AF70E91889F1B800B34D7B</string>
				<string>E5AF70EA1889F1B800B34D7B</string>
				<string>E5AF70EB1889F1B800B34D7B</string>
				<string>E5AF70EC1889F1B800B34D7B</string>
				<string>E5AF70ED1889F1B800B34D7B</string>
				<string>E5AF70EE1889F1B800B34D7B</string>
				<string>E5AF70EF1889F1B800B34D7B</string>
				<string>E5AF70F01889F1B800B34D7B</string>
				<string>E5AF70F11889F1B800B34D7B</string>
				<string>E5AF70F21889F1B800B34D7B</string>
				<string>E5AF70F31889F1B800B34D7B</string>
			</array>
			<key>isa</key>
			<string>PBXGroup</string>
			<key>path</key>
			<string>drawable-hdpi</string>
			<key>sourceTree</key>
			<string>&lt;group&gt;</string>
		</dict>
		<key>E5AF70E31889F1B800B34D7B</key>
		<dict>
			<key>isa</key>
			<string>PBXFileReference</string>
			<key>lastKnownFileType</key>
			<string>image.png</string>
			<key>path</key>
			<string>background.png</string>
			<key>sourceTree</key>
			<string>&lt;group&gt;</string>
		</dict>
		<key>E5AF70E41889F1B800B34D7B</key>
		<dict>
			<key>isa</key>
			<string>PBXFileReference</string>
			<key>lastKnownFileType</key>
			<string>image.jpeg</string>
			<key>path</key>
			<string>background2.jpg</string>
			<key>sourceTree</key>
			<string>&lt;group&gt;</string>
		</dict>
		<key>E5AF70E51889F1B800B34D7B</key>
		<dict>
			<key>isa</key>
			<string>PBXFileReference</string>
			<key>lastKnownFileType</key>
			<string>image.png</string>
			<key>path</key>
			<string>cercle.png</string>
			<key>sourceTree</key>
			<string>&lt;group&gt;</string>
		</dict>
		<key>E5AF70E61889F1B800B34D7B</key>
		<dict>
			<key>isa</key>
			<string>PBXFileReference</string>
			<key>lastKnownFileType</key>
			<string>image.png</string>
			<key>path</key>
			<string>cercle_bleu.png</string>
			<key>sourceTree</key>
			<string>&lt;group&gt;</string>
		</dict>
		<key>E5AF70E71889F1B800B34D7B</key>
		<dict>
			<key>isa</key>
			<string>PBXFileReference</string>
			<key>lastKnownFileType</key>
			<string>image.png</string>
			<key>path</key>
			<string>cercle_bleu_fonce.png</string>
			<key>sourceTree</key>
			<string>&lt;group&gt;</string>
		</dict>
		<key>E5AF70E81889F1B800B34D7B</key>
		<dict>
			<key>isa</key>
			<string>PBXFileReference</string>
			<key>lastKnownFileType</key>
			<string>image.png</string>
			<key>path</key>
			<string>cercle_gris.png</string>
			<key>sourceTree</key>
			<string>&lt;group&gt;</string>
		</dict>
		<key>E5AF70E91889F1B800B34D7B</key>
		<dict>
			<key>isa</key>
			<string>PBXFileReference</string>
			<key>lastKnownFileType</key>
			<string>image.png</string>
			<key>path</key>
			<string>cercle_rose.png</string>
			<key>sourceTree</key>
			<string>&lt;group&gt;</string>
		</dict>
		<key>E5AF70EA1889F1B800B34D7B</key>
		<dict>
			<key>isa</key>
			<string>PBXFileReference</string>
			<key>lastKnownFileType</key>
			<string>image.png</string>
			<key>path</key>
			<string>cercle_rose_claire.png</string>
			<key>sourceTree</key>
			<string>&lt;group&gt;</string>
		</dict>
		<key>E5AF70EB1889F1B800B34D7B</key>
		<dict>
			<key>isa</key>
			<string>PBXFileReference</string>
			<key>lastKnownFileType</key>
			<string>image.png</string>
			<key>path</key>
			<string>cercle_rose_fonce.png</string>
			<key>sourceTree</key>
			<string>&lt;group&gt;</string>
		</dict>
		<key>E5AF70EC1889F1B800B34D7B</key>
		<dict>
			<key>isa</key>
			<string>PBXFileReference</string>
			<key>lastKnownFileType</key>
			<string>image.png</string>
			<key>path</key>
			<string>cercle_vert.png</string>
			<key>sourceTree</key>
			<string>&lt;group&gt;</string>
		</dict>
		<key>E5AF70ED1889F1B800B34D7B</key>
		<dict>
			<key>isa</key>
			<string>PBXFileReference</string>
			<key>lastKnownFileType</key>
			<string>image.png</string>
			<key>path</key>
			<string>cercle_vert_fonce.png</string>
			<key>sourceTree</key>
			<string>&lt;group&gt;</string>
		</dict>
		<key>E5AF70EE1889F1B800B34D7B</key>
		<dict>
			<key>isa</key>
			<string>PBXFileReference</string>
			<key>lastKnownFileType</key>
			<string>image.jpeg</string>
			<key>path</key>
			<string>gardelsclub.jpg</string>
			<key>sourceTree</key>
			<string>&lt;group&gt;</string>
		</dict>
		<key>E5AF70EF1889F1B800B34D7B</key>
		<dict>
			<key>isa</key>
			<string>PBXFileReference</string>
			<key>lastKnownFileType</key>
			<string>image.png</string>
			<key>path</key>
			<string>gardelsclub_white.png</string>
			<key>sourceTree</key>
			<string>&lt;group&gt;</string>
		</dict>
		<key>E5AF70F01889F1B800B34D7B</key>
		<dict>
			<key>isa</key>
			<string>PBXFileReference</string>
			<key>lastKnownFileType</key>
			<string>image.png</string>
			<key>path</key>
			<string>ic_launcher.png</string>
			<key>sourceTree</key>
			<string>&lt;group&gt;</string>
		</dict>
		<key>E5AF70F11889F1B800B34D7B</key>
		<dict>
			<key>isa</key>
			<string>PBXFileReference</string>
			<key>lastKnownFileType</key>
			<string>image.png</string>
			<key>path</key>
			<string>photo_blanc.png</string>
			<key>sourceTree</key>
			<string>&lt;group&gt;</string>
		</dict>
		<key>E5AF70F21889F1B800B34D7B</key>
		<dict>
			<key>isa</key>
			<string>PBXFileReference</string>
			<key>lastKnownFileType</key>
			<string>image.png</string>
			<key>path</key>
			<string>photo_noir.png</string>
			<key>sourceTree</key>
			<string>&lt;group&gt;</string>
		</dict>
		<key>E5AF70F31889F1B800B34D7B</key>
		<dict>
			<key>isa</key>
			<string>PBXFileReference</string>
			<key>lastKnownFileType</key>
			<string>image.jpeg</string>
			<key>path</key>
			<string>test.jpeg</string>
			<key>sourceTree</key>
			<string>&lt;group&gt;</string>
		</dict>
		<key>E5AF70F41889F1B800B34D7B</key>
		<dict>
			<key>fileRef</key>
			<string>E5AF70E31889F1B800B34D7B</string>
			<key>isa</key>
			<string>PBXBuildFile</string>
		</dict>
		<key>E5AF70F51889F1B800B34D7B</key>
		<dict>
			<key>fileRef</key>
			<string>E5AF70E41889F1B800B34D7B</string>
			<key>isa</key>
			<string>PBXBuildFile</string>
		</dict>
		<key>E5AF70F61889F1B800B34D7B</key>
		<dict>
			<key>fileRef</key>
			<string>E5AF70E51889F1B800B34D7B</string>
			<key>isa</key>
			<string>PBXBuildFile</string>
		</dict>
		<key>E5AF70F71889F1B800B34D7B</key>
		<dict>
			<key>fileRef</key>
			<string>E5AF70E61889F1B800B34D7B</string>
			<key>isa</key>
			<string>PBXBuildFile</string>
		</dict>
		<key>E5AF70F81889F1B800B34D7B</key>
		<dict>
			<key>fileRef</key>
			<string>E5AF70E71889F1B800B34D7B</string>
			<key>isa</key>
			<string>PBXBuildFile</string>
		</dict>
		<key>E5AF70F91889F1B800B34D7B</key>
		<dict>
			<key>fileRef</key>
			<string>E5AF70E81889F1B800B34D7B</string>
			<key>isa</key>
			<string>PBXBuildFile</string>
		</dict>
		<key>E5AF70FA1889F1B800B34D7B</key>
		<dict>
			<key>fileRef</key>
			<string>E5AF70E91889F1B800B34D7B</string>
			<key>isa</key>
			<string>PBXBuildFile</string>
		</dict>
		<key>E5AF70FB1889F1B800B34D7B</key>
		<dict>
			<key>fileRef</key>
			<string>E5AF70EA1889F1B800B34D7B</string>
			<key>isa</key>
			<string>PBXBuildFile</string>
		</dict>
		<key>E5AF70FC1889F1B800B34D7B</key>
		<dict>
			<key>fileRef</key>
			<string>E5AF70EB1889F1B800B34D7B</string>
			<key>isa</key>
			<string>PBXBuildFile</string>
		</dict>
		<key>E5AF70FD1889F1B800B34D7B</key>
		<dict>
			<key>fileRef</key>
			<string>E5AF70EC1889F1B800B34D7B</string>
			<key>isa</key>
			<string>PBXBuildFile</string>
		</dict>
		<key>E5AF70FE1889F1B800B34D7B</key>
		<dict>
			<key>fileRef</key>
			<string>E5AF70ED1889F1B800B34D7B</string>
			<key>isa</key>
			<string>PBXBuildFile</string>
		</dict>
		<key>E5AF70FF1889F1B800B34D7B</key>
		<dict>
			<key>fileRef</key>
			<string>E5AF70EE1889F1B800B34D7B</string>
			<key>isa</key>
			<string>PBXBuildFile</string>
		</dict>
		<key>E5AF71001889F1B800B34D7B</key>
		<dict>
			<key>fileRef</key>
			<string>E5AF70EF1889F1B800B34D7B</string>
			<key>isa</key>
			<string>PBXBuildFile</string>
		</dict>
		<key>E5AF71011889F1B800B34D7B</key>
		<dict>
			<key>fileRef</key>
			<string>E5AF70F01889F1B800B34D7B</string>
			<key>isa</key>
			<string>PBXBuildFile</string>
		</dict>
		<key>E5AF71021889F1B800B34D7B</key>
		<dict>
			<key>fileRef</key>
			<string>E5AF70F11889F1B800B34D7B</string>
			<key>isa</key>
			<string>PBXBuildFile</string>
		</dict>
		<key>E5AF71031889F1B800B34D7B</key>
		<dict>
			<key>fileRef</key>
			<string>E5AF70F21889F1B800B34D7B</string>
			<key>isa</key>
			<string>PBXBuildFile</string>
		</dict>
		<key>E5AF71041889F1B800B34D7B</key>
		<dict>
			<key>fileRef</key>
			<string>E5AF70F31889F1B800B34D7B</string>
			<key>isa</key>
			<string>PBXBuildFile</string>
		</dict>
	</dict>
	<key>rootObject</key>
	<string>E5AF709E1889F07400B34D7B</string>
</dict>
</plist>
